// !$*UTF8*$!
{
	archiveVersion = 1;
	classes = {
	};
	objectVersion = 45;
	objects = {

/* Begin PBXBuildFile section */
		0546d1a38e13bd319cc9755b5ca7e1a0 /* OscReceivedElements.cpp in Sources */ = {isa = PBXBuildFile; fileRef = 9bf3aa0d4faa89d0f8a0e545403162be /* OscReceivedElements.cpp */; };
		1D60589F0D05DD5A006BFB54 /* Foundation.framework in Frameworks */ = {isa = PBXBuildFile; fileRef = 1D30AB110D05D00D00671497 /* Foundation.framework */; };
		1DF5F4E00D08C38300B7A737 /* UIKit.framework in Frameworks */ = {isa = PBXBuildFile; fileRef = 1DF5F4DF0D08C38300B7A737 /* UIKit.framework */; };
		28090deb5109115003e8f1c540f04092 /* UdpSocketWin.cpp in Sources */ = {isa = PBXBuildFile; fileRef = 5928aa323f5c2690b06c837d8d036f55 /* UdpSocketWin.cpp */; };
		288765FD0DF74451002DB57D /* CoreGraphics.framework in Frameworks */ = {isa = PBXBuildFile; fileRef = 288765FC0DF74451002DB57D /* CoreGraphics.framework */; };
		510cafe035e576a4e1502d52c11243bb /* UdpSocket.cpp in Sources */ = {isa = PBXBuildFile; fileRef = e6def695b88ba5faaceaa93785a12fd9 /* UdpSocket.cpp */; };
		5326AEA810A23A0500278DE6 /* CoreLocation.framework in Frameworks */ = {isa = PBXBuildFile; fileRef = 5326AEA710A23A0500278DE6 /* CoreLocation.framework */; };
		53F323EB10A20EDB00E0DAE4 /* OpenAL.framework in Frameworks */ = {isa = PBXBuildFile; fileRef = 53F323EA10A20EDB00E0DAE4 /* OpenAL.framework */; };
		5864ad82e20f15536d054ea319473de3 /* ofxOscMessage.cpp in Sources */ = {isa = PBXBuildFile; fileRef = df49d76c45d5db505a234880104e4dc7 /* ofxOscMessage.cpp */; };
		5a4349e9754d6fa14c0f2a3a1abc30b6 /* tinyxmlparser.cpp in Sources */ = {isa = PBXBuildFile; fileRef = fc5da1c87211d4f6377da7199d8c5a1e /* tinyxmlparser.cpp */; };
		62545d179c94265ca1389d4ac8d694a5 /* OscOutboundPacketStream.cpp in Sources */ = {isa = PBXBuildFile; fileRef = 63a47ac60ffafc3bf093ec0f62a9a4d4 /* OscOutboundPacketStream.cpp */; };
		62ec144fae83f382e06d27f0814927e4 /* ofxTouchGUISlider.mm in Sources */ = {isa = PBXBuildFile; fileRef = 932298a338263ed48d846a67d60516cd /* ofxTouchGUISlider.mm */; };
		63b57ac5bf4ef088491e0317dbb2ecaa /* ofxXmlSettings.cpp in Sources */ = {isa = PBXBuildFile; fileRef = 50df87d612c5aae17aafa6c02c6bc570 /* ofxXmlSettings.cpp */; };
		640279ee111671bd026cb0137d5b121e /* ofxOscReceiver.cpp in Sources */ = {isa = PBXBuildFile; fileRef = c2fac65c491d4231379f3298ec59c6e9 /* ofxOscReceiver.cpp */; };
		650ee517d30bddf8362dcd85bff5c305 /* ofxTouchGUITextInput.mm in Sources */ = {isa = PBXBuildFile; fileRef = af5511cc2f09ecf487a0b3b4b648310b /* ofxTouchGUITextInput.mm */; };
		65ebe19da026d582a2367d41e8a64737 /* ofxTouchGUIDropDown.mm in Sources */ = {isa = PBXBuildFile; fileRef = fa7574b3a6cd3d87cd0b558ea41ddc81 /* ofxTouchGUIDropDown.mm */; };
		67fe4c7b15c2f0478c8126c28fa6aad0 /* NetworkingUtils.cpp in Sources */ = {isa = PBXBuildFile; fileRef = 3b361208cd4107e479f04e7bce6d93aa /* NetworkingUtils.cpp */; };
		72a929d3561b8232a182abfcbb325491 /* ofxOscBundle.cpp in Sources */ = {isa = PBXBuildFile; fileRef = 65eefa3da3526e9cdd9c21f90d9b5684 /* ofxOscBundle.cpp */; };
		793f30a2f593ae1ffd098a032554f58c /* ofxCoreMotion.mm in Sources */ = {isa = PBXBuildFile; fileRef = 165ff5b3324db8b94488afca09af5335 /* ofxCoreMotion.mm */; };
		879a251454401bc0b6e4f238fc63135b /* OscTypes.cpp in Sources */ = {isa = PBXBuildFile; fileRef = d9bffbbf4cc43dee890b3c3e8f7d792c /* OscTypes.cpp */; };
		8f5205aef8861ef234f0651aba6be2ee /* ofxOscSender.cpp in Sources */ = {isa = PBXBuildFile; fileRef = 81967292bfc87a0144bd32c66f3adb20 /* ofxOscSender.cpp */; };
		933a2227713c720ceff80fd967d0a8ee /* tinyxml.cpp in Sources */ = {isa = PBXBuildFile; fileRef = 2b40eda85beb63e46785bc299a638898 /* tinyxml.cpp */; };
		9d44dc88ef9e7991b4a09951e2e4769f /* tinyxmlerror.cpp in Sources */ = {isa = PBXBuildFile; fileRef = 832bdc407620cdba568b713d2252c43c /* tinyxmlerror.cpp */; };
		A70258E9169E2804001AC8EA /* AntiMapLog.mm in Sources */ = {isa = PBXBuildFile; fileRef = A70258E5169E2804001AC8EA /* AntiMapLog.mm */; };
		A70258EA169E2804001AC8EA /* DumbGUI.mm in Sources */ = {isa = PBXBuildFile; fileRef = A70258E7169E2804001AC8EA /* DumbGUI.mm */; };
		A70258ED169E2811001AC8EA /* main.mm in Sources */ = {isa = PBXBuildFile; fileRef = A70258EC169E2811001AC8EA /* main.mm */; };
		A70258EF169E2833001AC8EA /* CoreMotion.framework in Frameworks */ = {isa = PBXBuildFile; fileRef = A70258EE169E2833001AC8EA /* CoreMotion.framework */; };
		A7025909169E2872001AC8EA /* changelog.txt in Resources */ = {isa = PBXBuildFile; fileRef = A70258F2169E2872001AC8EA /* changelog.txt */; };
		A702590A169E2872001AC8EA /* install.xml in Resources */ = {isa = PBXBuildFile; fileRef = A70258F3169E2872001AC8EA /* install.xml */; };
		A702590B169E2872001AC8EA /* LICENSE.txt in Resources */ = {isa = PBXBuildFile; fileRef = A70258F4169E2872001AC8EA /* LICENSE.txt */; };
		A702590D169E2872001AC8EA /* Delaunay.cpp in Sources */ = {isa = PBXBuildFile; fileRef = A70258FE169E2872001AC8EA /* Delaunay.cpp */; };
		A702590E169E2872001AC8EA /* ofxDelaunayExtra.cpp in Sources */ = {isa = PBXBuildFile; fileRef = A7025901169E2872001AC8EA /* ofxDelaunayExtra.cpp */; };
		A702590F169E2872001AC8EA /* ofxiPhoneCoreLocationExtra.mm in Sources */ = {isa = PBXBuildFile; fileRef = A7025906169E2872001AC8EA /* ofxiPhoneCoreLocationExtra.mm */; };
		A7025910169E2872001AC8EA /* ofxiPhoneKeyboardExtra.mm in Sources */ = {isa = PBXBuildFile; fileRef = A7025908169E2872001AC8EA /* ofxiPhoneKeyboardExtra.mm */; };
		BB16EBD20F2B2A9500518274 /* OpenGLES.framework in Frameworks */ = {isa = PBXBuildFile; fileRef = BB16EBD10F2B2A9500518274 /* OpenGLES.framework */; };
		BB16EBD90F2B2AB500518274 /* QuartzCore.framework in Frameworks */ = {isa = PBXBuildFile; fileRef = BB16EBD80F2B2AB500518274 /* QuartzCore.framework */; };
		BB24DDCA10DA781C00E9C588 /* ofxiphone-Info.plist in Resources */ = {isa = PBXBuildFile; fileRef = BB24DDC910DA781C00E9C588 /* ofxiphone-Info.plist */; };
		BBE5EAB80F49AD8400F28951 /* AudioToolbox.framework in Frameworks */ = {isa = PBXBuildFile; fileRef = BBE5EAB70F49AD8400F28951 /* AudioToolbox.framework */; };
		E41D3ED713B38FB500A75A5D /* Project.xcconfig in Resources */ = {isa = PBXBuildFile; fileRef = E41D3ED613B38FB500A75A5D /* Project.xcconfig */; };
		E41D3EE613B3906D00A75A5D /* CoreOF.xcconfig in Resources */ = {isa = PBXBuildFile; fileRef = E41D3EE513B3906D00A75A5D /* CoreOF.xcconfig */; };
		E41D400B13B39D2100A75A5D /* AVFoundation.framework in Frameworks */ = {isa = PBXBuildFile; fileRef = E41D400613B39D2100A75A5D /* AVFoundation.framework */; };
		E41D400C13B39D2100A75A5D /* CoreMedia.framework in Frameworks */ = {isa = PBXBuildFile; fileRef = E41D400713B39D2100A75A5D /* CoreMedia.framework */; };
		E41D400D13B39D2100A75A5D /* CoreVideo.framework in Frameworks */ = {isa = PBXBuildFile; fileRef = E41D400813B39D2100A75A5D /* CoreVideo.framework */; };
		E41D400E13B39D2100A75A5D /* MapKit.framework in Frameworks */ = {isa = PBXBuildFile; fileRef = E41D400913B39D2100A75A5D /* MapKit.framework */; };
		E41D421413B3A95300A75A5D /* libofxiPhone_iphoneos_Debug.a in Frameworks */ = {isa = PBXBuildFile; fileRef = E41D410213B3A0D800A75A5D /* libofxiPhone_iphoneos_Debug.a */; };
		E4A823A412561BE3002F86A2 /* CoreGraphics.framework in Frameworks */ = {isa = PBXBuildFile; fileRef = E4A823A312561BE3002F86A2 /* CoreGraphics.framework */; };
		a242747dd88b71f543e82e3fe29bd700 /* ofxTouchGUIBase.mm in Sources */ = {isa = PBXBuildFile; fileRef = 3af53bae8c2408288192be076178ef10 /* ofxTouchGUIBase.mm */; };
		a29d8c96ae042eceaa1bd4f3cbbf0c9d /* NetworkingUtilsWin.cpp in Sources */ = {isa = PBXBuildFile; fileRef = 2a5b1fad3f30c8065c396acbb72e5d95 /* NetworkingUtilsWin.cpp */; };
		ade367465d2a8ebad4c7a8d92a3ef718 /* IpEndpointName.cpp in Sources */ = {isa = PBXBuildFile; fileRef = add194746185e2da11468377f4e88c2f /* IpEndpointName.cpp */; };
		ba752666146fa19d705125a5e5f64248 /* ofxTouchGUIButton.mm in Sources */ = {isa = PBXBuildFile; fileRef = 17ec432a99032deaaa0d58afe3c36f90 /* ofxTouchGUIButton.mm */; };
		c4782ecc372420ace0615b749e1d0d6b /* OscPrintReceivedElements.cpp in Sources */ = {isa = PBXBuildFile; fileRef = bc8881b3c8c0a1c45f042e7a9e7b92cc /* OscPrintReceivedElements.cpp */; };
		d361c93cfdb48bcc4e57cc1910da7a34 /* ofxTouchGUI.mm in Sources */ = {isa = PBXBuildFile; fileRef = b0c6fde7ee419b1df95f6306887e2532 /* ofxTouchGUI.mm */; };
		eb2bbf635497e52ca689e30e30ec0075 /* ofxTouchGUIToggleButton.mm in Sources */ = {isa = PBXBuildFile; fileRef = 8c8f634d703e9db2c0d53f4f03e3e978 /* ofxTouchGUIToggleButton.mm */; };
		f4e9b8d5fd22720e777ee899c662a959 /* ofxTouchGUIText.mm in Sources */ = {isa = PBXBuildFile; fileRef = 31cac1a61423603c160cecc14f400a1f /* ofxTouchGUIText.mm */; };
/* End PBXBuildFile section */

/* Begin PBXContainerItemProxy section */
		E41D410113B3A0D800A75A5D /* PBXContainerItemProxy */ = {
			isa = PBXContainerItemProxy;
			containerPortal = E41D40FD13B3A0D800A75A5D /* iOS+OFLib.xcodeproj */;
			proxyType = 2;
			remoteGlobalIDString = BB24DED610DA7A3F00E9C588;
			remoteInfo = "iPhone+OF Static Library";
		};
		E41D410313B3A11300A75A5D /* PBXContainerItemProxy */ = {
			isa = PBXContainerItemProxy;
			containerPortal = E41D40FD13B3A0D800A75A5D /* iOS+OFLib.xcodeproj */;
			proxyType = 1;
			remoteGlobalIDString = BB24DE5C10DA7A3F00E9C588;
			remoteInfo = "iPhone+OF Static Library";
		};
/* End PBXContainerItemProxy section */

/* Begin PBXFileReference section */
		00d6d32b84b099226431108cea775a33 /* ofxOsc.h */ = {isa = PBXFileReference; explicitFileType = sourcecode.c.h; fileEncoding = 30; name = ofxOsc.h; path = ../../../addons/ofxOsc/src/ofxOsc.h; sourceTree = SOURCE_ROOT; };
		01dcc0911400f9acf5b65578af4ec8f9 /* ofxXmlSettings.h */ = {isa = PBXFileReference; explicitFileType = sourcecode.c.h; fileEncoding = 30; name = ofxXmlSettings.h; path = ../../../addons/ofxXmlSettings/src/ofxXmlSettings.h; sourceTree = SOURCE_ROOT; };
		029684cf678f70f6d3537a29773654a6 /* OscOutboundPacketStream.h */ = {isa = PBXFileReference; explicitFileType = sourcecode.c.h; fileEncoding = 30; name = OscOutboundPacketStream.h; path = ../../../addons/ofxOsc/libs/oscpack/src/osc/OscOutboundPacketStream.h; sourceTree = SOURCE_ROOT; };
		165ff5b3324db8b94488afca09af5335 /* ofxCoreMotion.mm */ = {isa = PBXFileReference; explicitFileType = sourcecode.cpp.objcpp; fileEncoding = 30; name = ofxCoreMotion.mm; path = ../../../addons/ofxCoreMotion/src/ofxCoreMotion.mm; sourceTree = SOURCE_ROOT; };
		1752625bd38b74d99b3a021538f446b0 /* ofxCoreMotion.h */ = {isa = PBXFileReference; explicitFileType = sourcecode.c.h; fileEncoding = 30; name = ofxCoreMotion.h; path = ../../../addons/ofxCoreMotion/src/ofxCoreMotion.h; sourceTree = SOURCE_ROOT; };
		17ec432a99032deaaa0d58afe3c36f90 /* ofxTouchGUIButton.mm */ = {isa = PBXFileReference; explicitFileType = sourcecode.cpp.objcpp; fileEncoding = 30; name = ofxTouchGUIButton.mm; path = ../../../addons/ofxTouchGUI/src/ofxTouchGUIButton.mm; sourceTree = SOURCE_ROOT; };
		1D30AB110D05D00D00671497 /* Foundation.framework */ = {isa = PBXFileReference; lastKnownFileType = wrapper.framework; name = Foundation.framework; path = System/Library/Frameworks/Foundation.framework; sourceTree = SDKROOT; };
		1D6058910D05DD3D006BFB54 /* AntiMapLog.app */ = {isa = PBXFileReference; explicitFileType = wrapper.application; includeInIndex = 0; path = AntiMapLog.app; sourceTree = BUILT_PRODUCTS_DIR; };
		1DF5F4DF0D08C38300B7A737 /* UIKit.framework */ = {isa = PBXFileReference; lastKnownFileType = wrapper.framework; name = UIKit.framework; path = System/Library/Frameworks/UIKit.framework; sourceTree = SDKROOT; };
		20f35afadaf0068b067e713fa3152568 /* OscReceivedElements.h */ = {isa = PBXFileReference; explicitFileType = sourcecode.c.h; fileEncoding = 30; name = OscReceivedElements.h; path = ../../../addons/ofxOsc/libs/oscpack/src/osc/OscReceivedElements.h; sourceTree = SOURCE_ROOT; };
		23640f57df6c4bb6bfc5da4c2199c7dd /* PacketListener.h */ = {isa = PBXFileReference; explicitFileType = sourcecode.c.h; fileEncoding = 30; name = PacketListener.h; path = ../../../addons/ofxOsc/libs/oscpack/src/ip/PacketListener.h; sourceTree = SOURCE_ROOT; };
		288174801b16787b8ee71388b9cce35a /* ofxTouchGUIToggleButton.h */ = {isa = PBXFileReference; explicitFileType = sourcecode.c.h; fileEncoding = 30; name = ofxTouchGUIToggleButton.h; path = ../../../addons/ofxTouchGUI/src/ofxTouchGUIToggleButton.h; sourceTree = SOURCE_ROOT; };
		288765FC0DF74451002DB57D /* CoreGraphics.framework */ = {isa = PBXFileReference; lastKnownFileType = wrapper.framework; name = CoreGraphics.framework; path = System/Library/Frameworks/CoreGraphics.framework; sourceTree = SDKROOT; };
		2a5b1fad3f30c8065c396acbb72e5d95 /* NetworkingUtilsWin.cpp */ = {isa = PBXFileReference; explicitFileType = sourcecode.cpp.cpp; fileEncoding = 30; name = NetworkingUtilsWin.cpp; path = ../../../addons/ofxOsc/libs/oscpack/src/ip/win32/NetworkingUtilsWin.cpp; sourceTree = SOURCE_ROOT; };
		2b40eda85beb63e46785bc299a638898 /* tinyxml.cpp */ = {isa = PBXFileReference; explicitFileType = sourcecode.cpp.cpp; fileEncoding = 30; name = tinyxml.cpp; path = ../../../addons/ofxXmlSettings/libs/tinyxml.cpp; sourceTree = SOURCE_ROOT; };
		2fd4b0329909d3527f0034948840df14 /* UdpSocket.h */ = {isa = PBXFileReference; explicitFileType = sourcecode.c.h; fileEncoding = 30; name = UdpSocket.h; path = ../../../addons/ofxOsc/libs/oscpack/src/ip/UdpSocket.h; sourceTree = SOURCE_ROOT; };
		31cac1a61423603c160cecc14f400a1f /* ofxTouchGUIText.mm */ = {isa = PBXFileReference; explicitFileType = sourcecode.cpp.objcpp; fileEncoding = 30; name = ofxTouchGUIText.mm; path = ../../../addons/ofxTouchGUI/src/ofxTouchGUIText.mm; sourceTree = SOURCE_ROOT; };
		325540fbf361c52a8b34f2b6e3fb1ce2 /* ofxTouchGUI.h */ = {isa = PBXFileReference; explicitFileType = sourcecode.c.h; fileEncoding = 30; name = ofxTouchGUI.h; path = ../../../addons/ofxTouchGUI/src/ofxTouchGUI.h; sourceTree = SOURCE_ROOT; };
		32CA4F630368D1EE00C91783 /* iPhone_Prefix.pch */ = {isa = PBXFileReference; fileEncoding = 4; lastKnownFileType = sourcecode.c.h; path = iPhone_Prefix.pch; sourceTree = "<group>"; };
		3680833c472135f67a0800c35df938a5 /* ofxTouchGUIText.h */ = {isa = PBXFileReference; explicitFileType = sourcecode.c.h; fileEncoding = 30; name = ofxTouchGUIText.h; path = ../../../addons/ofxTouchGUI/src/ofxTouchGUIText.h; sourceTree = SOURCE_ROOT; };
		3af53bae8c2408288192be076178ef10 /* ofxTouchGUIBase.mm */ = {isa = PBXFileReference; explicitFileType = sourcecode.cpp.objcpp; fileEncoding = 30; name = ofxTouchGUIBase.mm; path = ../../../addons/ofxTouchGUI/src/ofxTouchGUIBase.mm; sourceTree = SOURCE_ROOT; };
		3b361208cd4107e479f04e7bce6d93aa /* NetworkingUtils.cpp */ = {isa = PBXFileReference; explicitFileType = sourcecode.cpp.cpp; fileEncoding = 30; name = NetworkingUtils.cpp; path = ../../../addons/ofxOsc/libs/oscpack/src/ip/posix/NetworkingUtils.cpp; sourceTree = SOURCE_ROOT; };
		444657a12e59d0ed86981498fccd5fcc /* TimerListener.h */ = {isa = PBXFileReference; explicitFileType = sourcecode.c.h; fileEncoding = 30; name = TimerListener.h; path = ../../../addons/ofxOsc/libs/oscpack/src/ip/TimerListener.h; sourceTree = SOURCE_ROOT; };
		48974f980f51769171d0b2f5e519dd28 /* IpEndpointName.h */ = {isa = PBXFileReference; explicitFileType = sourcecode.c.h; fileEncoding = 30; name = IpEndpointName.h; path = ../../../addons/ofxOsc/libs/oscpack/src/ip/IpEndpointName.h; sourceTree = SOURCE_ROOT; };
		4e95fb446a9c9c6f0de12d752f6604b3 /* OscPrintReceivedElements.h */ = {isa = PBXFileReference; explicitFileType = sourcecode.c.h; fileEncoding = 30; name = OscPrintReceivedElements.h; path = ../../../addons/ofxOsc/libs/oscpack/src/osc/OscPrintReceivedElements.h; sourceTree = SOURCE_ROOT; };
		50df87d612c5aae17aafa6c02c6bc570 /* ofxXmlSettings.cpp */ = {isa = PBXFileReference; explicitFileType = sourcecode.cpp.cpp; fileEncoding = 30; name = ofxXmlSettings.cpp; path = ../../../addons/ofxXmlSettings/src/ofxXmlSettings.cpp; sourceTree = SOURCE_ROOT; };
		5326AEA710A23A0500278DE6 /* CoreLocation.framework */ = {isa = PBXFileReference; lastKnownFileType = wrapper.framework; name = CoreLocation.framework; path = System/Library/Frameworks/CoreLocation.framework; sourceTree = SDKROOT; };
		53F323EA10A20EDB00E0DAE4 /* OpenAL.framework */ = {isa = PBXFileReference; lastKnownFileType = wrapper.framework; name = OpenAL.framework; path = System/Library/Frameworks/OpenAL.framework; sourceTree = SDKROOT; };
		5928aa323f5c2690b06c837d8d036f55 /* UdpSocketWin.cpp */ = {isa = PBXFileReference; explicitFileType = sourcecode.cpp.cpp; fileEncoding = 30; name = UdpSocketWin.cpp; path = ../../../addons/ofxOsc/libs/oscpack/src/ip/win32/UdpSocketWin.cpp; sourceTree = SOURCE_ROOT; };
		5956c238f1e07e36e1cc96fc7aa9cf14 /* ofxTouchGUIBase.h */ = {isa = PBXFileReference; explicitFileType = sourcecode.c.h; fileEncoding = 30; name = ofxTouchGUIBase.h; path = ../../../addons/ofxTouchGUI/src/ofxTouchGUIBase.h; sourceTree = SOURCE_ROOT; };
		63a47ac60ffafc3bf093ec0f62a9a4d4 /* OscOutboundPacketStream.cpp */ = {isa = PBXFileReference; explicitFileType = sourcecode.cpp.cpp; fileEncoding = 30; name = OscOutboundPacketStream.cpp; path = ../../../addons/ofxOsc/libs/oscpack/src/osc/OscOutboundPacketStream.cpp; sourceTree = SOURCE_ROOT; };
		65eefa3da3526e9cdd9c21f90d9b5684 /* ofxOscBundle.cpp */ = {isa = PBXFileReference; explicitFileType = sourcecode.cpp.cpp; fileEncoding = 30; name = ofxOscBundle.cpp; path = ../../../addons/ofxOsc/src/ofxOscBundle.cpp; sourceTree = SOURCE_ROOT; };
		683bc495de1f076bb0a5df88f76ecc8a /* ofxTouchGUITextInput.h */ = {isa = PBXFileReference; explicitFileType = sourcecode.c.h; fileEncoding = 30; name = ofxTouchGUITextInput.h; path = ../../../addons/ofxTouchGUI/src/ofxTouchGUITextInput.h; sourceTree = SOURCE_ROOT; };
		6b65e6930994cc4b2d2b8b33b10f6e99 /* OscPacketListener.h */ = {isa = PBXFileReference; explicitFileType = sourcecode.c.h; fileEncoding = 30; name = OscPacketListener.h; path = ../../../addons/ofxOsc/libs/oscpack/src/osc/OscPacketListener.h; sourceTree = SOURCE_ROOT; };
		7689f8a0f3d0b7635a8c310487cd0928 /* ofxOscArg.h */ = {isa = PBXFileReference; explicitFileType = sourcecode.c.h; fileEncoding = 30; name = ofxOscArg.h; path = ../../../addons/ofxOsc/src/ofxOscArg.h; sourceTree = SOURCE_ROOT; };
		81967292bfc87a0144bd32c66f3adb20 /* ofxOscSender.cpp */ = {isa = PBXFileReference; explicitFileType = sourcecode.cpp.cpp; fileEncoding = 30; name = ofxOscSender.cpp; path = ../../../addons/ofxOsc/src/ofxOscSender.cpp; sourceTree = SOURCE_ROOT; };
		832bdc407620cdba568b713d2252c43c /* tinyxmlerror.cpp */ = {isa = PBXFileReference; explicitFileType = sourcecode.cpp.cpp; fileEncoding = 30; name = tinyxmlerror.cpp; path = ../../../addons/ofxXmlSettings/libs/tinyxmlerror.cpp; sourceTree = SOURCE_ROOT; };
		8b30e93fd3d3475eed522a0e0b085e30 /* ofxOscBundle.h */ = {isa = PBXFileReference; explicitFileType = sourcecode.c.h; fileEncoding = 30; name = ofxOscBundle.h; path = ../../../addons/ofxOsc/src/ofxOscBundle.h; sourceTree = SOURCE_ROOT; };
		8c75afc8774a62495dd5346429f6f666 /* ofxOscReceiver.h */ = {isa = PBXFileReference; explicitFileType = sourcecode.c.h; fileEncoding = 30; name = ofxOscReceiver.h; path = ../../../addons/ofxOsc/src/ofxOscReceiver.h; sourceTree = SOURCE_ROOT; };
		8c8f634d703e9db2c0d53f4f03e3e978 /* ofxTouchGUIToggleButton.mm */ = {isa = PBXFileReference; explicitFileType = sourcecode.cpp.objcpp; fileEncoding = 30; name = ofxTouchGUIToggleButton.mm; path = ../../../addons/ofxTouchGUI/src/ofxTouchGUIToggleButton.mm; sourceTree = SOURCE_ROOT; };
		932298a338263ed48d846a67d60516cd /* ofxTouchGUISlider.mm */ = {isa = PBXFileReference; explicitFileType = sourcecode.cpp.objcpp; fileEncoding = 30; name = ofxTouchGUISlider.mm; path = ../../../addons/ofxTouchGUI/src/ofxTouchGUISlider.mm; sourceTree = SOURCE_ROOT; };
		978689adeec8caa40f096dbd78da45f1 /* ofxTouchGUIButton.h */ = {isa = PBXFileReference; explicitFileType = sourcecode.c.h; fileEncoding = 30; name = ofxTouchGUIButton.h; path = ../../../addons/ofxTouchGUI/src/ofxTouchGUIButton.h; sourceTree = SOURCE_ROOT; };
		9bf3aa0d4faa89d0f8a0e545403162be /* OscReceivedElements.cpp */ = {isa = PBXFileReference; explicitFileType = sourcecode.cpp.cpp; fileEncoding = 30; name = OscReceivedElements.cpp; path = ../../../addons/ofxOsc/libs/oscpack/src/osc/OscReceivedElements.cpp; sourceTree = SOURCE_ROOT; };
		9f7986dc4eb05e75fce2c777500fdc01 /* ofxOscSender.h */ = {isa = PBXFileReference; explicitFileType = sourcecode.c.h; fileEncoding = 30; name = ofxOscSender.h; path = ../../../addons/ofxOsc/src/ofxOscSender.h; sourceTree = SOURCE_ROOT; };
		A70258E4169E2804001AC8EA /* AntiMapLog.h */ = {isa = PBXFileReference; fileEncoding = 4; lastKnownFileType = sourcecode.c.h; path = AntiMapLog.h; sourceTree = "<group>"; };
		A70258E5169E2804001AC8EA /* AntiMapLog.mm */ = {isa = PBXFileReference; fileEncoding = 4; lastKnownFileType = sourcecode.cpp.objcpp; path = AntiMapLog.mm; sourceTree = "<group>"; };
		A70258E6169E2804001AC8EA /* DumbGUI.h */ = {isa = PBXFileReference; fileEncoding = 4; lastKnownFileType = sourcecode.c.h; path = DumbGUI.h; sourceTree = "<group>"; };
		A70258E7169E2804001AC8EA /* DumbGUI.mm */ = {isa = PBXFileReference; fileEncoding = 4; lastKnownFileType = sourcecode.cpp.objcpp; path = DumbGUI.mm; sourceTree = "<group>"; };
		A70258EC169E2811001AC8EA /* main.mm */ = {isa = PBXFileReference; fileEncoding = 4; lastKnownFileType = sourcecode.cpp.objcpp; path = main.mm; sourceTree = "<group>"; };
		A70258EE169E2833001AC8EA /* CoreMotion.framework */ = {isa = PBXFileReference; lastKnownFileType = wrapper.framework; name = CoreMotion.framework; path = System/Library/Frameworks/CoreMotion.framework; sourceTree = SDKROOT; };
		A70258F2169E2872001AC8EA /* changelog.txt */ = {isa = PBXFileReference; fileEncoding = 4; lastKnownFileType = text; path = changelog.txt; sourceTree = "<group>"; };
		A70258F3169E2872001AC8EA /* install.xml */ = {isa = PBXFileReference; fileEncoding = 4; lastKnownFileType = text.xml; path = install.xml; sourceTree = "<group>"; };
		A70258F4169E2872001AC8EA /* LICENSE.txt */ = {isa = PBXFileReference; fileEncoding = 4; lastKnownFileType = text; path = LICENSE.txt; sourceTree = "<group>"; };
		A70258F6169E2872001AC8EA /* MSAShape3D.h */ = {isa = PBXFileReference; fileEncoding = 4; lastKnownFileType = sourcecode.c.h; path = MSAShape3D.h; sourceTree = "<group>"; };
		A70258FE169E2872001AC8EA /* Delaunay.cpp */ = {isa = PBXFileReference; fileEncoding = 4; lastKnownFileType = sourcecode.cpp.cpp; path = Delaunay.cpp; sourceTree = "<group>"; };
		A70258FF169E2872001AC8EA /* Delaunay.h */ = {isa = PBXFileReference; fileEncoding = 4; lastKnownFileType = sourcecode.c.h; path = Delaunay.h; sourceTree = "<group>"; };
		A7025901169E2872001AC8EA /* ofxDelaunayExtra.cpp */ = {isa = PBXFileReference; fileEncoding = 4; lastKnownFileType = sourcecode.cpp.cpp; path = ofxDelaunayExtra.cpp; sourceTree = "<group>"; };
		A7025902169E2872001AC8EA /* ofxDelaunayExtra.h */ = {isa = PBXFileReference; fileEncoding = 4; lastKnownFileType = sourcecode.c.h; path = ofxDelaunayExtra.h; sourceTree = "<group>"; };
		A7025905169E2872001AC8EA /* ofxiPhoneCoreLocationExtra.h */ = {isa = PBXFileReference; fileEncoding = 4; lastKnownFileType = sourcecode.c.h; path = ofxiPhoneCoreLocationExtra.h; sourceTree = "<group>"; };
		A7025906169E2872001AC8EA /* ofxiPhoneCoreLocationExtra.mm */ = {isa = PBXFileReference; fileEncoding = 4; lastKnownFileType = sourcecode.cpp.objcpp; path = ofxiPhoneCoreLocationExtra.mm; sourceTree = "<group>"; };
		A7025907169E2872001AC8EA /* ofxiPhoneKeyboardExtra.h */ = {isa = PBXFileReference; fileEncoding = 4; lastKnownFileType = sourcecode.c.h; path = ofxiPhoneKeyboardExtra.h; sourceTree = "<group>"; };
		A7025908169E2872001AC8EA /* ofxiPhoneKeyboardExtra.mm */ = {isa = PBXFileReference; fileEncoding = 4; lastKnownFileType = sourcecode.cpp.objcpp; path = ofxiPhoneKeyboardExtra.mm; sourceTree = "<group>"; };
		BB16EBD10F2B2A9500518274 /* OpenGLES.framework */ = {isa = PBXFileReference; lastKnownFileType = wrapper.framework; name = OpenGLES.framework; path = System/Library/Frameworks/OpenGLES.framework; sourceTree = SDKROOT; };
		BB16EBD80F2B2AB500518274 /* QuartzCore.framework */ = {isa = PBXFileReference; lastKnownFileType = wrapper.framework; name = QuartzCore.framework; path = System/Library/Frameworks/QuartzCore.framework; sourceTree = SDKROOT; };
		BB24DDC910DA781C00E9C588 /* ofxiphone-Info.plist */ = {isa = PBXFileReference; fileEncoding = 4; lastKnownFileType = text.plist.xml; path = "ofxiphone-Info.plist"; sourceTree = "<group>"; };
		BBE5EAB70F49AD8400F28951 /* AudioToolbox.framework */ = {isa = PBXFileReference; lastKnownFileType = wrapper.framework; name = AudioToolbox.framework; path = System/Library/Frameworks/AudioToolbox.framework; sourceTree = SDKROOT; };
		E41D3ED613B38FB500A75A5D /* Project.xcconfig */ = {isa = PBXFileReference; fileEncoding = 4; lastKnownFileType = text.xcconfig; path = Project.xcconfig; sourceTree = "<group>"; };
		E41D3EE513B3906D00A75A5D /* CoreOF.xcconfig */ = {isa = PBXFileReference; fileEncoding = 4; lastKnownFileType = text.xcconfig; name = CoreOF.xcconfig; path = ../../../libs/openFrameworksCompiled/project/ios/CoreOF.xcconfig; sourceTree = SOURCE_ROOT; };
		E41D400613B39D2100A75A5D /* AVFoundation.framework */ = {isa = PBXFileReference; lastKnownFileType = wrapper.framework; name = AVFoundation.framework; path = System/Library/Frameworks/AVFoundation.framework; sourceTree = SDKROOT; };
		E41D400713B39D2100A75A5D /* CoreMedia.framework */ = {isa = PBXFileReference; lastKnownFileType = wrapper.framework; name = CoreMedia.framework; path = System/Library/Frameworks/CoreMedia.framework; sourceTree = SDKROOT; };
		E41D400813B39D2100A75A5D /* CoreVideo.framework */ = {isa = PBXFileReference; lastKnownFileType = wrapper.framework; name = CoreVideo.framework; path = System/Library/Frameworks/CoreVideo.framework; sourceTree = SDKROOT; };
		E41D400913B39D2100A75A5D /* MapKit.framework */ = {isa = PBXFileReference; lastKnownFileType = wrapper.framework; name = MapKit.framework; path = System/Library/Frameworks/MapKit.framework; sourceTree = SDKROOT; };
		E41D40FD13B3A0D800A75A5D /* iOS+OFLib.xcodeproj */ = {isa = PBXFileReference; lastKnownFileType = "wrapper.pb-project"; name = "iOS+OFLib.xcodeproj"; path = "../../../libs/openFrameworksCompiled/project/ios/iOS+OFLib.xcodeproj"; sourceTree = SOURCE_ROOT; };
		E4A823A312561BE3002F86A2 /* CoreGraphics.framework */ = {isa = PBXFileReference; lastKnownFileType = wrapper.framework; name = CoreGraphics.framework; path = System/Library/Frameworks/CoreGraphics.framework; sourceTree = SDKROOT; };
		a2aaa8ca403479e6fcdf920ebcd1682b /* OscHostEndianness.h */ = {isa = PBXFileReference; explicitFileType = sourcecode.c.h; fileEncoding = 30; name = OscHostEndianness.h; path = ../../../addons/ofxOsc/libs/oscpack/src/osc/OscHostEndianness.h; sourceTree = SOURCE_ROOT; };
		add194746185e2da11468377f4e88c2f /* IpEndpointName.cpp */ = {isa = PBXFileReference; explicitFileType = sourcecode.cpp.cpp; fileEncoding = 30; name = IpEndpointName.cpp; path = ../../../addons/ofxOsc/libs/oscpack/src/ip/IpEndpointName.cpp; sourceTree = SOURCE_ROOT; };
		ae335eb4709bfd4671eeac8460534507 /* MessageMappingOscPacketListener.h */ = {isa = PBXFileReference; explicitFileType = sourcecode.c.h; fileEncoding = 30; name = MessageMappingOscPacketListener.h; path = ../../../addons/ofxOsc/libs/oscpack/src/osc/MessageMappingOscPacketListener.h; sourceTree = SOURCE_ROOT; };
		af5511cc2f09ecf487a0b3b4b648310b /* ofxTouchGUITextInput.mm */ = {isa = PBXFileReference; explicitFileType = sourcecode.cpp.objcpp; fileEncoding = 30; name = ofxTouchGUITextInput.mm; path = ../../../addons/ofxTouchGUI/src/ofxTouchGUITextInput.mm; sourceTree = SOURCE_ROOT; };
		b0c6fde7ee419b1df95f6306887e2532 /* ofxTouchGUI.mm */ = {isa = PBXFileReference; explicitFileType = sourcecode.cpp.objcpp; fileEncoding = 30; name = ofxTouchGUI.mm; path = ../../../addons/ofxTouchGUI/src/ofxTouchGUI.mm; sourceTree = SOURCE_ROOT; };
		b21e7e5f548eea92f368040bb1aa2f69 /* tinyxml.h */ = {isa = PBXFileReference; explicitFileType = sourcecode.c.h; fileEncoding = 30; name = tinyxml.h; path = ../../../addons/ofxXmlSettings/libs/tinyxml.h; sourceTree = SOURCE_ROOT; };
		bc8881b3c8c0a1c45f042e7a9e7b92cc /* OscPrintReceivedElements.cpp */ = {isa = PBXFileReference; explicitFileType = sourcecode.cpp.cpp; fileEncoding = 30; name = OscPrintReceivedElements.cpp; path = ../../../addons/ofxOsc/libs/oscpack/src/osc/OscPrintReceivedElements.cpp; sourceTree = SOURCE_ROOT; };
		c2fac65c491d4231379f3298ec59c6e9 /* ofxOscReceiver.cpp */ = {isa = PBXFileReference; explicitFileType = sourcecode.cpp.cpp; fileEncoding = 30; name = ofxOscReceiver.cpp; path = ../../../addons/ofxOsc/src/ofxOscReceiver.cpp; sourceTree = SOURCE_ROOT; };
		c58862c6d212c8e8a83810f4246811b1 /* ofxOscMessage.h */ = {isa = PBXFileReference; explicitFileType = sourcecode.c.h; fileEncoding = 30; name = ofxOscMessage.h; path = ../../../addons/ofxOsc/src/ofxOscMessage.h; sourceTree = SOURCE_ROOT; };
		c6937888e126badc8777423bd27cc7c8 /* OscTypes.h */ = {isa = PBXFileReference; explicitFileType = sourcecode.c.h; fileEncoding = 30; name = OscTypes.h; path = ../../../addons/ofxOsc/libs/oscpack/src/osc/OscTypes.h; sourceTree = SOURCE_ROOT; };
		d9bffbbf4cc43dee890b3c3e8f7d792c /* OscTypes.cpp */ = {isa = PBXFileReference; explicitFileType = sourcecode.cpp.cpp; fileEncoding = 30; name = OscTypes.cpp; path = ../../../addons/ofxOsc/libs/oscpack/src/osc/OscTypes.cpp; sourceTree = SOURCE_ROOT; };
		dcfed036d4d84494b19c34775781cfe5 /* ofxTouchGUIDropDown.h */ = {isa = PBXFileReference; explicitFileType = sourcecode.c.h; fileEncoding = 30; name = ofxTouchGUIDropDown.h; path = ../../../addons/ofxTouchGUI/src/ofxTouchGUIDropDown.h; sourceTree = SOURCE_ROOT; };
		df49d76c45d5db505a234880104e4dc7 /* ofxOscMessage.cpp */ = {isa = PBXFileReference; explicitFileType = sourcecode.cpp.cpp; fileEncoding = 30; name = ofxOscMessage.cpp; path = ../../../addons/ofxOsc/src/ofxOscMessage.cpp; sourceTree = SOURCE_ROOT; };
		e6def695b88ba5faaceaa93785a12fd9 /* UdpSocket.cpp */ = {isa = PBXFileReference; explicitFileType = sourcecode.cpp.cpp; fileEncoding = 30; name = UdpSocket.cpp; path = ../../../addons/ofxOsc/libs/oscpack/src/ip/posix/UdpSocket.cpp; sourceTree = SOURCE_ROOT; };
		f4f5b6b8ba2bd52c646ed9087d6ed9cf /* OscException.h */ = {isa = PBXFileReference; explicitFileType = sourcecode.c.h; fileEncoding = 30; name = OscException.h; path = ../../../addons/ofxOsc/libs/oscpack/src/osc/OscException.h; sourceTree = SOURCE_ROOT; };
		f7fbc56859535e597b24bb914dbc8313 /* NetworkingUtils.h */ = {isa = PBXFileReference; explicitFileType = sourcecode.c.h; fileEncoding = 30; name = NetworkingUtils.h; path = ../../../addons/ofxOsc/libs/oscpack/src/ip/NetworkingUtils.h; sourceTree = SOURCE_ROOT; };
		fa7574b3a6cd3d87cd0b558ea41ddc81 /* ofxTouchGUIDropDown.mm */ = {isa = PBXFileReference; explicitFileType = sourcecode.cpp.objcpp; fileEncoding = 30; name = ofxTouchGUIDropDown.mm; path = ../../../addons/ofxTouchGUI/src/ofxTouchGUIDropDown.mm; sourceTree = SOURCE_ROOT; };
		fc5da1c87211d4f6377da7199d8c5a1e /* tinyxmlparser.cpp */ = {isa = PBXFileReference; explicitFileType = sourcecode.cpp.cpp; fileEncoding = 30; name = tinyxmlparser.cpp; path = ../../../addons/ofxXmlSettings/libs/tinyxmlparser.cpp; sourceTree = SOURCE_ROOT; };
		fdd2cf56db7f486f3f1bdeb5e9e5b53b /* ofxTouchGUISlider.h */ = {isa = PBXFileReference; explicitFileType = sourcecode.c.h; fileEncoding = 30; name = ofxTouchGUISlider.h; path = ../../../addons/ofxTouchGUI/src/ofxTouchGUISlider.h; sourceTree = SOURCE_ROOT; };
/* End PBXFileReference section */

/* Begin PBXFrameworksBuildPhase section */
		1D60588F0D05DD3D006BFB54 /* Frameworks */ = {
			isa = PBXFrameworksBuildPhase;
			buildActionMask = 2147483647;
			files = (
				A70258EF169E2833001AC8EA /* CoreMotion.framework in Frameworks */,
				E41D421413B3A95300A75A5D /* libofxiPhone_iphoneos_Debug.a in Frameworks */,
				1D60589F0D05DD5A006BFB54 /* Foundation.framework in Frameworks */,
				1DF5F4E00D08C38300B7A737 /* UIKit.framework in Frameworks */,
				288765FD0DF74451002DB57D /* CoreGraphics.framework in Frameworks */,
				BB16EBD20F2B2A9500518274 /* OpenGLES.framework in Frameworks */,
				BB16EBD90F2B2AB500518274 /* QuartzCore.framework in Frameworks */,
				BBE5EAB80F49AD8400F28951 /* AudioToolbox.framework in Frameworks */,
				53F323EB10A20EDB00E0DAE4 /* OpenAL.framework in Frameworks */,
				5326AEA810A23A0500278DE6 /* CoreLocation.framework in Frameworks */,
				E4A823A412561BE3002F86A2 /* CoreGraphics.framework in Frameworks */,
				E41D400B13B39D2100A75A5D /* AVFoundation.framework in Frameworks */,
				E41D400C13B39D2100A75A5D /* CoreMedia.framework in Frameworks */,
				E41D400D13B39D2100A75A5D /* CoreVideo.framework in Frameworks */,
				E41D400E13B39D2100A75A5D /* MapKit.framework in Frameworks */,
			);
			runOnlyForDeploymentPostprocessing = 0;
		};
/* End PBXFrameworksBuildPhase section */

/* Begin PBXGroup section */
		0339cab512bc9814266b1c38452e9f36 /* ofxTouchGUI */ = {
			isa = PBXGroup;
			children = (
				ee7aa33c5d64aa2a82df47654748e50c /* src */,
			);
			name = ofxTouchGUI;
			sourceTree = "<group>";
		};
		19C28FACFE9D520D11CA2CBB /* Products */ = {
			isa = PBXGroup;
			children = (
				1D6058910D05DD3D006BFB54 /* AntiMapLog.app */,
			);
			name = Products;
			sourceTree = "<group>";
		};
		1d4e986e464df366a11dc960855fc78c /* src */ = {
			isa = PBXGroup;
			children = (
				1752625bd38b74d99b3a021538f446b0 /* ofxCoreMotion.h */,
				165ff5b3324db8b94488afca09af5335 /* ofxCoreMotion.mm */,
			);
			name = src;
			sourceTree = "<group>";
		};
		1f4fb5c423662b96adfdcc0badec1cb0 /* ofxXmlSettings */ = {
			isa = PBXGroup;
			children = (
				6ecef0d76bc33727823eadffc320c44d /* src */,
				6e54289412d2d94f45a051132369530c /* libs */,
			);
			name = ofxXmlSettings;
			sourceTree = "<group>";
		};
		29B97314FDCFA39411CA2CEA /* CustomTemplate */ = {
			isa = PBXGroup;
			children = (
				A70258EE169E2833001AC8EA /* CoreMotion.framework */,
				E4D8936A11527B74007E1F53 /* src */,
				BB24E1F710DAA51900E9C588 /* openFrameworks */,
				BB16F26B0F2B646B00518274 /* addons */,
				BB16E9930F2B1E5900518274 /* libs */,
				19C28FACFE9D520D11CA2CBB /* Products */,
			);
			name = CustomTemplate;
			sourceTree = "<group>";
		};
		29B97323FDCFA39411CA2CEA /* core frameworks */ = {
			isa = PBXGroup;
			children = (
				E41D400613B39D2100A75A5D /* AVFoundation.framework */,
				E41D400713B39D2100A75A5D /* CoreMedia.framework */,
				E41D400813B39D2100A75A5D /* CoreVideo.framework */,
				E41D400913B39D2100A75A5D /* MapKit.framework */,
				53F323EA10A20EDB00E0DAE4 /* OpenAL.framework */,
				E4A823A312561BE3002F86A2 /* CoreGraphics.framework */,
				BBE5EAB70F49AD8400F28951 /* AudioToolbox.framework */,
				BB16EBD80F2B2AB500518274 /* QuartzCore.framework */,
				BB16EBD10F2B2A9500518274 /* OpenGLES.framework */,
				1DF5F4DF0D08C38300B7A737 /* UIKit.framework */,
				1D30AB110D05D00D00671497 /* Foundation.framework */,
				288765FC0DF74451002DB57D /* CoreGraphics.framework */,
				5326AEA710A23A0500278DE6 /* CoreLocation.framework */,
			);
			name = "core frameworks";
			sourceTree = "<group>";
		};
		30cb364908817057b430d52805394cbc /* osc */ = {
			isa = PBXGroup;
			children = (
				ae335eb4709bfd4671eeac8460534507 /* MessageMappingOscPacketListener.h */,
				f4f5b6b8ba2bd52c646ed9087d6ed9cf /* OscException.h */,
				a2aaa8ca403479e6fcdf920ebcd1682b /* OscHostEndianness.h */,
				63a47ac60ffafc3bf093ec0f62a9a4d4 /* OscOutboundPacketStream.cpp */,
				029684cf678f70f6d3537a29773654a6 /* OscOutboundPacketStream.h */,
				6b65e6930994cc4b2d2b8b33b10f6e99 /* OscPacketListener.h */,
				bc8881b3c8c0a1c45f042e7a9e7b92cc /* OscPrintReceivedElements.cpp */,
				4e95fb446a9c9c6f0de12d752f6604b3 /* OscPrintReceivedElements.h */,
				9bf3aa0d4faa89d0f8a0e545403162be /* OscReceivedElements.cpp */,
				20f35afadaf0068b067e713fa3152568 /* OscReceivedElements.h */,
				d9bffbbf4cc43dee890b3c3e8f7d792c /* OscTypes.cpp */,
				c6937888e126badc8777423bd27cc7c8 /* OscTypes.h */,
			);
			name = osc;
			sourceTree = "<group>";
		};
		38871a5825686ae018ec2bf0e450fdae /* libs */ = {
			isa = PBXGroup;
			children = (
				86d2677079a3af4a5a88e29a7243e442 /* oscpack */,
			);
			name = libs;
			sourceTree = "<group>";
		};
		641362ca659fafee4e81001be7d8d43c /* posix */ = {
			isa = PBXGroup;
			children = (
				3b361208cd4107e479f04e7bce6d93aa /* NetworkingUtils.cpp */,
				e6def695b88ba5faaceaa93785a12fd9 /* UdpSocket.cpp */,
			);
			name = posix;
			sourceTree = "<group>";
		};
		6556ea30fd2abb5be7b762e85a7836e4 /* ofxCoreMotion */ = {
			isa = PBXGroup;
			children = (
				1d4e986e464df366a11dc960855fc78c /* src */,
			);
			name = ofxCoreMotion;
			sourceTree = "<group>";
		};
		6e54289412d2d94f45a051132369530c /* libs */ = {
			isa = PBXGroup;
			children = (
				2b40eda85beb63e46785bc299a638898 /* tinyxml.cpp */,
				b21e7e5f548eea92f368040bb1aa2f69 /* tinyxml.h */,
				832bdc407620cdba568b713d2252c43c /* tinyxmlerror.cpp */,
				fc5da1c87211d4f6377da7199d8c5a1e /* tinyxmlparser.cpp */,
			);
			name = libs;
			sourceTree = "<group>";
		};
		6ecef0d76bc33727823eadffc320c44d /* src */ = {
			isa = PBXGroup;
			children = (
				50df87d612c5aae17aafa6c02c6bc570 /* ofxXmlSettings.cpp */,
				01dcc0911400f9acf5b65578af4ec8f9 /* ofxXmlSettings.h */,
			);
			name = src;
			sourceTree = "<group>";
		};
		86d2677079a3af4a5a88e29a7243e442 /* oscpack */ = {
			isa = PBXGroup;
			children = (
				d27b2221a225ca523c01967633d9bd60 /* src */,
			);
			name = oscpack;
			sourceTree = "<group>";
		};
		A70258F0169E2872001AC8EA /* extras */ = {
			isa = PBXGroup;
			children = (
				A70258F1169E2872001AC8EA /* MSAShape3D */,
				A70258FB169E2872001AC8EA /* ofxDelaunayExtra */,
				A7025903169E2872001AC8EA /* ofxiPhoneExtra */,
			);
			path = extras;
			sourceTree = "<group>";
		};
		A70258F1169E2872001AC8EA /* MSAShape3D */ = {
			isa = PBXGroup;
			children = (
				A70258F2169E2872001AC8EA /* changelog.txt */,
				A70258F3169E2872001AC8EA /* install.xml */,
				A70258F4169E2872001AC8EA /* LICENSE.txt */,
				A70258F5169E2872001AC8EA /* src */,
			);
			path = MSAShape3D;
			sourceTree = "<group>";
		};
		A70258F5169E2872001AC8EA /* src */ = {
			isa = PBXGroup;
			children = (
				A70258F6169E2872001AC8EA /* MSAShape3D.h */,
			);
			path = src;
			sourceTree = "<group>";
		};
		A70258FB169E2872001AC8EA /* ofxDelaunayExtra */ = {
			isa = PBXGroup;
			children = (
				A70258FC169E2872001AC8EA /* libs */,
				A7025900169E2872001AC8EA /* src */,
			);
			path = ofxDelaunayExtra;
			sourceTree = "<group>";
		};
		A70258FC169E2872001AC8EA /* libs */ = {
			isa = PBXGroup;
			children = (
				A70258FD169E2872001AC8EA /* Delaunay */,
			);
			path = libs;
			sourceTree = "<group>";
		};
		A70258FD169E2872001AC8EA /* Delaunay */ = {
			isa = PBXGroup;
			children = (
				A70258FE169E2872001AC8EA /* Delaunay.cpp */,
				A70258FF169E2872001AC8EA /* Delaunay.h */,
			);
			path = Delaunay;
			sourceTree = "<group>";
		};
		A7025900169E2872001AC8EA /* src */ = {
			isa = PBXGroup;
			children = (
				A7025901169E2872001AC8EA /* ofxDelaunayExtra.cpp */,
				A7025902169E2872001AC8EA /* ofxDelaunayExtra.h */,
			);
			path = src;
			sourceTree = "<group>";
		};
		A7025903169E2872001AC8EA /* ofxiPhoneExtra */ = {
			isa = PBXGroup;
			children = (
				A7025904169E2872001AC8EA /* src */,
			);
			path = ofxiPhoneExtra;
			sourceTree = "<group>";
		};
		A7025904169E2872001AC8EA /* src */ = {
			isa = PBXGroup;
			children = (
				A7025905169E2872001AC8EA /* ofxiPhoneCoreLocationExtra.h */,
				A7025906169E2872001AC8EA /* ofxiPhoneCoreLocationExtra.mm */,
				A7025907169E2872001AC8EA /* ofxiPhoneKeyboardExtra.h */,
				A7025908169E2872001AC8EA /* ofxiPhoneKeyboardExtra.mm */,
			);
			path = src;
			sourceTree = "<group>";
		};
		BB16E9930F2B1E5900518274 /* libs */ = {
			isa = PBXGroup;
			children = (
				BBE5E94E0F497BD800F28951 /* core */,
			);
			name = libs;
			sourceTree = "<group>";
		};
		BB16F26B0F2B646B00518274 /* addons */ = {
			isa = PBXGroup;
			children = (
				e6053ab7fec63d5f83825b880ce53c41 /* ofxOsc */,
				1f4fb5c423662b96adfdcc0badec1cb0 /* ofxXmlSettings */,
				6556ea30fd2abb5be7b762e85a7836e4 /* ofxCoreMotion */,
				0339cab512bc9814266b1c38452e9f36 /* ofxTouchGUI */,
			);
			name = addons;
			sourceTree = "<group>";
		};
		BB24E1F710DAA51900E9C588 /* openFrameworks */ = {
			isa = PBXGroup;
			children = (
				E41D40FD13B3A0D800A75A5D /* iOS+OFLib.xcodeproj */,
				32CA4F630368D1EE00C91783 /* iPhone_Prefix.pch */,
				BB24DDC910DA781C00E9C588 /* ofxiphone-Info.plist */,
				E41D3EE513B3906D00A75A5D /* CoreOF.xcconfig */,
				E41D3ED613B38FB500A75A5D /* Project.xcconfig */,
			);
			name = openFrameworks;
			sourceTree = "<group>";
		};
		BBE5E94E0F497BD800F28951 /* core */ = {
			isa = PBXGroup;
			children = (
				29B97323FDCFA39411CA2CEA /* core frameworks */,
			);
			name = core;
			sourceTree = "<group>";
		};
		E41D40FE13B3A0D800A75A5D /* Products */ = {
			isa = PBXGroup;
			children = (
				E41D410213B3A0D800A75A5D /* libofxiPhone_iphoneos_Debug.a */,
			);
			name = Products;
			sourceTree = "<group>";
		};
		E4D8936A11527B74007E1F53 /* src */ = {
			isa = PBXGroup;
			children = (
				A70258F0169E2872001AC8EA /* extras */,
				A70258E4169E2804001AC8EA /* AntiMapLog.h */,
				A70258E5169E2804001AC8EA /* AntiMapLog.mm */,
				A70258E6169E2804001AC8EA /* DumbGUI.h */,
				A70258E7169E2804001AC8EA /* DumbGUI.mm */,
				A70258EC169E2811001AC8EA /* main.mm */,
			);
			path = src;
			sourceTree = SOURCE_ROOT;
		};
		ba6760ac87647dd61a92bd416dbd7a9c /* win32 */ = {
			isa = PBXGroup;
			children = (
				2a5b1fad3f30c8065c396acbb72e5d95 /* NetworkingUtilsWin.cpp */,
				5928aa323f5c2690b06c837d8d036f55 /* UdpSocketWin.cpp */,
			);
			name = win32;
			sourceTree = "<group>";
		};
		bd2f1a9f8d0c05edb29122d00a67c2a2 /* src */ = {
			isa = PBXGroup;
			children = (
				00d6d32b84b099226431108cea775a33 /* ofxOsc.h */,
				7689f8a0f3d0b7635a8c310487cd0928 /* ofxOscArg.h */,
				65eefa3da3526e9cdd9c21f90d9b5684 /* ofxOscBundle.cpp */,
				8b30e93fd3d3475eed522a0e0b085e30 /* ofxOscBundle.h */,
				df49d76c45d5db505a234880104e4dc7 /* ofxOscMessage.cpp */,
				c58862c6d212c8e8a83810f4246811b1 /* ofxOscMessage.h */,
				c2fac65c491d4231379f3298ec59c6e9 /* ofxOscReceiver.cpp */,
				8c75afc8774a62495dd5346429f6f666 /* ofxOscReceiver.h */,
				81967292bfc87a0144bd32c66f3adb20 /* ofxOscSender.cpp */,
				9f7986dc4eb05e75fce2c777500fdc01 /* ofxOscSender.h */,
			);
			name = src;
			sourceTree = "<group>";
		};
		d27b2221a225ca523c01967633d9bd60 /* src */ = {
			isa = PBXGroup;
			children = (
				ff8cdf57858e9b94e3237115f4d7aa09 /* ip */,
				30cb364908817057b430d52805394cbc /* osc */,
			);
			name = src;
			sourceTree = "<group>";
		};
		e6053ab7fec63d5f83825b880ce53c41 /* ofxOsc */ = {
			isa = PBXGroup;
			children = (
				bd2f1a9f8d0c05edb29122d00a67c2a2 /* src */,
				38871a5825686ae018ec2bf0e450fdae /* libs */,
			);
			name = ofxOsc;
			sourceTree = "<group>";
		};
		ee7aa33c5d64aa2a82df47654748e50c /* src */ = {
			isa = PBXGroup;
			children = (
				325540fbf361c52a8b34f2b6e3fb1ce2 /* ofxTouchGUI.h */,
				b0c6fde7ee419b1df95f6306887e2532 /* ofxTouchGUI.mm */,
				5956c238f1e07e36e1cc96fc7aa9cf14 /* ofxTouchGUIBase.h */,
				3af53bae8c2408288192be076178ef10 /* ofxTouchGUIBase.mm */,
				978689adeec8caa40f096dbd78da45f1 /* ofxTouchGUIButton.h */,
				17ec432a99032deaaa0d58afe3c36f90 /* ofxTouchGUIButton.mm */,
				dcfed036d4d84494b19c34775781cfe5 /* ofxTouchGUIDropDown.h */,
				fa7574b3a6cd3d87cd0b558ea41ddc81 /* ofxTouchGUIDropDown.mm */,
				fdd2cf56db7f486f3f1bdeb5e9e5b53b /* ofxTouchGUISlider.h */,
				932298a338263ed48d846a67d60516cd /* ofxTouchGUISlider.mm */,
				3680833c472135f67a0800c35df938a5 /* ofxTouchGUIText.h */,
				31cac1a61423603c160cecc14f400a1f /* ofxTouchGUIText.mm */,
				683bc495de1f076bb0a5df88f76ecc8a /* ofxTouchGUITextInput.h */,
				af5511cc2f09ecf487a0b3b4b648310b /* ofxTouchGUITextInput.mm */,
				288174801b16787b8ee71388b9cce35a /* ofxTouchGUIToggleButton.h */,
				8c8f634d703e9db2c0d53f4f03e3e978 /* ofxTouchGUIToggleButton.mm */,
			);
			name = src;
			sourceTree = "<group>";
		};
		ff8cdf57858e9b94e3237115f4d7aa09 /* ip */ = {
			isa = PBXGroup;
			children = (
				add194746185e2da11468377f4e88c2f /* IpEndpointName.cpp */,
				48974f980f51769171d0b2f5e519dd28 /* IpEndpointName.h */,
				f7fbc56859535e597b24bb914dbc8313 /* NetworkingUtils.h */,
				23640f57df6c4bb6bfc5da4c2199c7dd /* PacketListener.h */,
				641362ca659fafee4e81001be7d8d43c /* posix */,
				444657a12e59d0ed86981498fccd5fcc /* TimerListener.h */,
				2fd4b0329909d3527f0034948840df14 /* UdpSocket.h */,
				ba6760ac87647dd61a92bd416dbd7a9c /* win32 */,
			);
			name = ip;
			sourceTree = "<group>";
		};
/* End PBXGroup section */

/* Begin PBXNativeTarget section */
		1D6058900D05DD3D006BFB54 /* AntiMapLog */ = {
			isa = PBXNativeTarget;
			buildConfigurationList = 1D6058960D05DD3E006BFB54 /* Build configuration list for PBXNativeTarget "AntiMapLog" */;
			buildPhases = (
				1D60588D0D05DD3D006BFB54 /* Resources */,
				1D60588E0D05DD3D006BFB54 /* Sources */,
				1D60588F0D05DD3D006BFB54 /* Frameworks */,
				9255DD331112741900D6945E /* ShellScript */,
			);
			buildRules = (
			);
			dependencies = (
				E41D410413B3A11300A75A5D /* PBXTargetDependency */,
			);
			name = AntiMapLog;
			productName = iPhone;
			productReference = 1D6058910D05DD3D006BFB54 /* AntiMapLog.app */;
			productType = "com.apple.product-type.application";
		};
/* End PBXNativeTarget section */

/* Begin PBXProject section */
		29B97313FDCFA39411CA2CEA /* Project object */ = {
			isa = PBXProject;
			buildConfigurationList = C01FCF4E08A954540054247B /* Build configuration list for PBXProject "AntiMapLog" */;
			compatibilityVersion = "Xcode 3.1";
			developmentRegion = English;
			hasScannedForEncodings = 1;
			knownRegions = (
				English,
				Japanese,
				French,
				German,
			);
			mainGroup = 29B97314FDCFA39411CA2CEA /* CustomTemplate */;
			projectDirPath = "";
			projectReferences = (
				{
					ProductGroup = E41D40FE13B3A0D800A75A5D /* Products */;
					ProjectRef = E41D40FD13B3A0D800A75A5D /* iOS+OFLib.xcodeproj */;
				},
			);
			projectRoot = "";
			targets = (
				1D6058900D05DD3D006BFB54 /* AntiMapLog */,
			);
		};
/* End PBXProject section */

/* Begin PBXReferenceProxy section */
		E41D410213B3A0D800A75A5D /* libofxiPhone_iphoneos_Debug.a */ = {
			isa = PBXReferenceProxy;
			fileType = archive.ar;
			path = libofxiPhone_iphoneos_Debug.a;
			remoteRef = E41D410113B3A0D800A75A5D /* PBXContainerItemProxy */;
			sourceTree = BUILT_PRODUCTS_DIR;
		};
/* End PBXReferenceProxy section */

/* Begin PBXResourcesBuildPhase section */
		1D60588D0D05DD3D006BFB54 /* Resources */ = {
			isa = PBXResourcesBuildPhase;
			buildActionMask = 2147483647;
			files = (
				BB24DDCA10DA781C00E9C588 /* ofxiphone-Info.plist in Resources */,
				E41D3ED713B38FB500A75A5D /* Project.xcconfig in Resources */,
				E41D3EE613B3906D00A75A5D /* CoreOF.xcconfig in Resources */,
				A7025909169E2872001AC8EA /* changelog.txt in Resources */,
				A702590A169E2872001AC8EA /* install.xml in Resources */,
				A702590B169E2872001AC8EA /* LICENSE.txt in Resources */,
			);
			runOnlyForDeploymentPostprocessing = 0;
		};
/* End PBXResourcesBuildPhase section */

/* Begin PBXShellScriptBuildPhase section */
		9255DD331112741900D6945E /* ShellScript */ = {
			isa = PBXShellScriptBuildPhase;
			buildActionMask = 2147483647;
			files = (
			);
			inputPaths = (
			);
			outputPaths = (
			);
			runOnlyForDeploymentPostprocessing = 0;
			shellPath = /bin/sh;
			shellScript = "cp -rf bin/data/ \"$TARGET_BUILD_DIR/$PRODUCT_NAME.app\"\n";
		};
/* End PBXShellScriptBuildPhase section */

/* Begin PBXSourcesBuildPhase section */
		1D60588E0D05DD3D006BFB54 /* Sources */ = {
			isa = PBXSourcesBuildPhase;
			buildActionMask = 2147483647;
			files = (
				72a929d3561b8232a182abfcbb325491 /* ofxOscBundle.cpp in Sources */,
				5864ad82e20f15536d054ea319473de3 /* ofxOscMessage.cpp in Sources */,
				640279ee111671bd026cb0137d5b121e /* ofxOscReceiver.cpp in Sources */,
				8f5205aef8861ef234f0651aba6be2ee /* ofxOscSender.cpp in Sources */,
				ade367465d2a8ebad4c7a8d92a3ef718 /* IpEndpointName.cpp in Sources */,
				67fe4c7b15c2f0478c8126c28fa6aad0 /* NetworkingUtils.cpp in Sources */,
				510cafe035e576a4e1502d52c11243bb /* UdpSocket.cpp in Sources */,
				a29d8c96ae042eceaa1bd4f3cbbf0c9d /* NetworkingUtilsWin.cpp in Sources */,
				28090deb5109115003e8f1c540f04092 /* UdpSocketWin.cpp in Sources */,
				62545d179c94265ca1389d4ac8d694a5 /* OscOutboundPacketStream.cpp in Sources */,
				c4782ecc372420ace0615b749e1d0d6b /* OscPrintReceivedElements.cpp in Sources */,
				0546d1a38e13bd319cc9755b5ca7e1a0 /* OscReceivedElements.cpp in Sources */,
				879a251454401bc0b6e4f238fc63135b /* OscTypes.cpp in Sources */,
				63b57ac5bf4ef088491e0317dbb2ecaa /* ofxXmlSettings.cpp in Sources */,
				933a2227713c720ceff80fd967d0a8ee /* tinyxml.cpp in Sources */,
				9d44dc88ef9e7991b4a09951e2e4769f /* tinyxmlerror.cpp in Sources */,
				5a4349e9754d6fa14c0f2a3a1abc30b6 /* tinyxmlparser.cpp in Sources */,
				793f30a2f593ae1ffd098a032554f58c /* ofxCoreMotion.mm in Sources */,
				d361c93cfdb48bcc4e57cc1910da7a34 /* ofxTouchGUI.mm in Sources */,
				a242747dd88b71f543e82e3fe29bd700 /* ofxTouchGUIBase.mm in Sources */,
				ba752666146fa19d705125a5e5f64248 /* ofxTouchGUIButton.mm in Sources */,
				65ebe19da026d582a2367d41e8a64737 /* ofxTouchGUIDropDown.mm in Sources */,
				62ec144fae83f382e06d27f0814927e4 /* ofxTouchGUISlider.mm in Sources */,
				f4e9b8d5fd22720e777ee899c662a959 /* ofxTouchGUIText.mm in Sources */,
				650ee517d30bddf8362dcd85bff5c305 /* ofxTouchGUITextInput.mm in Sources */,
				eb2bbf635497e52ca689e30e30ec0075 /* ofxTouchGUIToggleButton.mm in Sources */,
				A70258E9169E2804001AC8EA /* AntiMapLog.mm in Sources */,
				A70258EA169E2804001AC8EA /* DumbGUI.mm in Sources */,
				A70258ED169E2811001AC8EA /* main.mm in Sources */,
				A702590D169E2872001AC8EA /* Delaunay.cpp in Sources */,
				A702590E169E2872001AC8EA /* ofxDelaunayExtra.cpp in Sources */,
				A702590F169E2872001AC8EA /* ofxiPhoneCoreLocationExtra.mm in Sources */,
				A7025910169E2872001AC8EA /* ofxiPhoneKeyboardExtra.mm in Sources */,
			);
			runOnlyForDeploymentPostprocessing = 0;
		};
/* End PBXSourcesBuildPhase section */

/* Begin PBXTargetDependency section */
		E41D410413B3A11300A75A5D /* PBXTargetDependency */ = {
			isa = PBXTargetDependency;
			name = "iPhone+OF Static Library";
			targetProxy = E41D410313B3A11300A75A5D /* PBXContainerItemProxy */;
		};
/* End PBXTargetDependency section */

/* Begin XCBuildConfiguration section */
		1D6058940D05DD3E006BFB54 /* Debug */ = {
			isa = XCBuildConfiguration;
			buildSettings = {
				ALWAYS_SEARCH_USER_PATHS = NO;
				GCC_PRECOMPILE_PREFIX_HEADER = YES;
				GCC_PREFIX_HEADER = iPhone_Prefix.pch;
				INFOPLIST_FILE = "ofxiphone-Info.plist";
				PRODUCT_NAME = "${TARGET_NAME}";
				VALID_ARCHS = "armv6 armv7";
			};
			name = Debug;
		};
		1D6058950D05DD3E006BFB54 /* Release */ = {
			isa = XCBuildConfiguration;
			buildSettings = {
				GCC_PRECOMPILE_PREFIX_HEADER = YES;
				GCC_PREFIX_HEADER = iPhone_Prefix.pch;
				INFOPLIST_FILE = "ofxiphone-Info.plist";
				PRODUCT_NAME = "${TARGET_NAME}";
				VALID_ARCHS = "armv6 armv7";
			};
			name = Release;
		};
		C01FCF4F08A954540054247B /* Debug */ = {
			isa = XCBuildConfiguration;
			baseConfigurationReference = E41D3ED613B38FB500A75A5D /* Project.xcconfig */;
			buildSettings = {
				ALWAYS_SEARCH_USER_PATHS = YES;
				ARCHS = "$(ARCHS_STANDARD_32_BIT)";
				CODE_SIGN_IDENTITY = "";
				"CODE_SIGN_IDENTITY[sdk=iphoneos*]" = "iPhone Developer";
				COMPRESS_PNG_FILES = NO;
				GCC_C_LANGUAGE_STANDARD = c99;
				GCC_OPTIMIZATION_LEVEL = 0;
				GCC_SYMBOLS_PRIVATE_EXTERN = NO;
				GCC_WARN_ABOUT_DEPRECATED_FUNCTIONS = NO;
				GCC_WARN_ABOUT_INVALID_OFFSETOF_MACRO = NO;
				GCC_WARN_ABOUT_POINTER_SIGNEDNESS = NO;
				GCC_WARN_ABOUT_RETURN_TYPE = YES;
				GCC_WARN_ALLOW_INCOMPLETE_PROTOCOL = NO;
				GCC_WARN_PROTOTYPE_CONVERSION = NO;
				GCC_WARN_UNUSED_VARIABLE = YES;
				HEADER_SEARCH_PATHS = (
					"$(OF_CORE_HEADERS)",
					../../../addons/ofxOsc/libs,
					../../../addons/ofxOsc/libs/oscpack,
					../../../addons/ofxOsc/libs/oscpack/src,
					../../../addons/ofxOsc/libs/oscpack/src/ip,
					../../../addons/ofxOsc/libs/oscpack/src/ip/posix,
					../../../addons/ofxOsc/libs/oscpack/src/ip/win32,
					../../../addons/ofxOsc/libs/oscpack/src/osc,
					../../../addons/ofxOsc/src,
					../../../addons/ofxXmlSettings/libs,
					../../../addons/ofxXmlSettings/src,
					../../../addons/ofxCoreMotion/libs,
					../../../addons/ofxCoreMotion/src,
					../../../addons/ofxTouchGUI/libs,
					../../../addons/ofxTouchGUI/src,
				);
				IPHONEOS_DEPLOYMENT_TARGET = 3.1;
				ONLY_ACTIVE_ARCH = NO;
				PREBINDING = NO;
				"PROVISIONING_PROFILE[sdk=iphoneos*]" = "";
				SDKROOT = iphoneos;
				TARGETED_DEVICE_FAMILY = 1;
				WARNING_LDFLAGS = "-no_arch_warnings";
			};
			name = Debug;
		};
		C01FCF5008A954540054247B /* Release */ = {
			isa = XCBuildConfiguration;
			baseConfigurationReference = E41D3ED613B38FB500A75A5D /* Project.xcconfig */;
			buildSettings = {
				ALWAYS_SEARCH_USER_PATHS = YES;
				ARCHS = "$(ARCHS_STANDARD_32_BIT)";
				CODE_SIGN_IDENTITY = "";
				"CODE_SIGN_IDENTITY[sdk=iphoneos*]" = "iPhone Developer";
				COMPRESS_PNG_FILES = NO;
				GCC_C_LANGUAGE_STANDARD = c99;
				GCC_DYNAMIC_NO_PIC = YES;
				GCC_GENERATE_DEBUGGING_SYMBOLS = NO;
				GCC_OPTIMIZATION_LEVEL = 3;
				GCC_SYMBOLS_PRIVATE_EXTERN = NO;
				GCC_THUMB_SUPPORT = NO;
				GCC_WARN_ABOUT_RETURN_TYPE = YES;
				GCC_WARN_UNUSED_VARIABLE = YES;
				HEADER_SEARCH_PATHS = (
					"$(OF_CORE_HEADERS)",
					../../../addons/ofxOsc/libs,
					../../../addons/ofxOsc/libs/oscpack,
					../../../addons/ofxOsc/libs/oscpack/src,
					../../../addons/ofxOsc/libs/oscpack/src/ip,
					../../../addons/ofxOsc/libs/oscpack/src/ip/posix,
					../../../addons/ofxOsc/libs/oscpack/src/ip/win32,
					../../../addons/ofxOsc/libs/oscpack/src/osc,
					../../../addons/ofxOsc/src,
					../../../addons/ofxXmlSettings/libs,
					../../../addons/ofxXmlSettings/src,
					../../../addons/ofxCoreMotion/libs,
					../../../addons/ofxCoreMotion/src,
					../../../addons/ofxTouchGUI/libs,
					../../../addons/ofxTouchGUI/src,
				);
				IPHONEOS_DEPLOYMENT_TARGET = 3.1;
				ONLY_ACTIVE_ARCH = NO;
				PREBINDING = NO;
				SDKROOT = iphoneos;
				TARGETED_DEVICE_FAMILY = 1;
				WARNING_LDFLAGS = "-no_arch_warnings";
			};
			name = Release;
		};
/* End XCBuildConfiguration section */

/* Begin XCConfigurationList section */
		1D6058960D05DD3E006BFB54 /* Build configuration list for PBXNativeTarget "AntiMapLog" */ = {
			isa = XCConfigurationList;
			buildConfigurations = (
				1D6058940D05DD3E006BFB54 /* Debug */,
				1D6058950D05DD3E006BFB54 /* Release */,
			);
			defaultConfigurationIsVisible = 0;
			defaultConfigurationName = Release;
		};
		C01FCF4E08A954540054247B /* Build configuration list for PBXProject "AntiMapLog" */ = {
			isa = XCConfigurationList;
			buildConfigurations = (
				C01FCF4F08A954540054247B /* Debug */,
				C01FCF5008A954540054247B /* Release */,
			);
			defaultConfigurationIsVisible = 0;
			defaultConfigurationName = Release;
		};
/* End XCConfigurationList section */
	};
	rootObject = 29B97313FDCFA39411CA2CEA /* Project object */;
}
